// !$*UTF8*$!
{
	archiveVersion = 1;
	classes = {
	};
	objectVersion = 50;
	objects = {

/* Begin PBXBuildFile section */
		520AAD4122FCFE0000EC3ABD /* FuenteDatos.swift in Sources */ = {isa = PBXBuildFile; fileRef = 520AAD4022FCFE0000EC3ABD /* FuenteDatos.swift */; };
		6588CB6222FCF25200079FA4 /* AppDelegate.swift in Sources */ = {isa = PBXBuildFile; fileRef = 6588CB6122FCF25200079FA4 /* AppDelegate.swift */; };
		6588CB6422FCF25200079FA4 /* ViewController.swift in Sources */ = {isa = PBXBuildFile; fileRef = 6588CB6322FCF25200079FA4 /* ViewController.swift */; };
		6588CB6722FCF25200079FA4 /* Main.storyboard in Resources */ = {isa = PBXBuildFile; fileRef = 6588CB6522FCF25200079FA4 /* Main.storyboard */; };
		6588CB6922FCF25300079FA4 /* Assets.xcassets in Resources */ = {isa = PBXBuildFile; fileRef = 6588CB6822FCF25300079FA4 /* Assets.xcassets */; };
		6588CB6C22FCF25300079FA4 /* LaunchScreen.storyboard in Resources */ = {isa = PBXBuildFile; fileRef = 6588CB6A22FCF25300079FA4 /* LaunchScreen.storyboard */; };
/* End PBXBuildFile section */

/* Begin PBXFileReference section */
		520AAD4022FCFE0000EC3ABD /* FuenteDatos.swift */ = {isa = PBXFileReference; lastKnownFileType = sourcecode.swift; path = FuenteDatos.swift; sourceTree = "<group>"; };
		6588CB5E22FCF25200079FA4 /* Ejemplo-Array-Dictionary.app */ = {isa = PBXFileReference; explicitFileType = wrapper.application; includeInIndex = 0; path = "Ejemplo-Array-Dictionary.app"; sourceTree = BUILT_PRODUCTS_DIR; };
		6588CB6122FCF25200079FA4 /* AppDelegate.swift */ = {isa = PBXFileReference; lastKnownFileType = sourcecode.swift; path = AppDelegate.swift; sourceTree = "<group>"; };
		6588CB6322FCF25200079FA4 /* ViewController.swift */ = {isa = PBXFileReference; lastKnownFileType = sourcecode.swift; path = ViewController.swift; sourceTree = "<group>"; };
		6588CB6622FCF25200079FA4 /* Base */ = {isa = PBXFileReference; lastKnownFileType = file.storyboard; name = Base; path = Base.lproj/Main.storyboard; sourceTree = "<group>"; };
		6588CB6822FCF25300079FA4 /* Assets.xcassets */ = {isa = PBXFileReference; lastKnownFileType = folder.assetcatalog; path = Assets.xcassets; sourceTree = "<group>"; };
		6588CB6B22FCF25300079FA4 /* Base */ = {isa = PBXFileReference; lastKnownFileType = file.storyboard; name = Base; path = Base.lproj/LaunchScreen.storyboard; sourceTree = "<group>"; };
		6588CB6D22FCF25300079FA4 /* Info.plist */ = {isa = PBXFileReference; lastKnownFileType = text.plist.xml; path = Info.plist; sourceTree = "<group>"; };
/* End PBXFileReference section */

/* Begin PBXFrameworksBuildPhase section */
		6588CB5B22FCF25100079FA4 /* Frameworks */ = {
			isa = PBXFrameworksBuildPhase;
			buildActionMask = 2147483647;
			files = (
			);
			runOnlyForDeploymentPostprocessing = 0;
		};
/* End PBXFrameworksBuildPhase section */

/* Begin PBXGroup section */
		6588CB5522FCF25100079FA4 = {
			isa = PBXGroup;
			children = (
				6588CB6022FCF25200079FA4 /* Ejemplo-Array-Dictionary */,
				6588CB5F22FCF25200079FA4 /* Products */,
			);
			sourceTree = "<group>";
		};
		6588CB5F22FCF25200079FA4 /* Products */ = {
			isa = PBXGroup;
			children = (
				6588CB5E22FCF25200079FA4 /* Ejemplo-Array-Dictionary.app */,
			);
			name = Products;
			sourceTree = "<group>";
		};
		6588CB6022FCF25200079FA4 /* Ejemplo-Array-Dictionary */ = {
			isa = PBXGroup;
			children = (
				6588CB6122FCF25200079FA4 /* AppDelegate.swift */,
				6588CB6322FCF25200079FA4 /* ViewController.swift */,
				6588CB6522FCF25200079FA4 /* Main.storyboard */,
				6588CB6822FCF25300079FA4 /* Assets.xcassets */,
				6588CB6A22FCF25300079FA4 /* LaunchScreen.storyboard */,
				6588CB6D22FCF25300079FA4 /* Info.plist */,
				520AAD4022FCFE0000EC3ABD /* FuenteDatos.swift */,
			);
			path = "Ejemplo-Array-Dictionary";
			sourceTree = "<group>";
		};
/* End PBXGroup section */

/* Begin PBXNativeTarget section */
		6588CB5D22FCF25100079FA4 /* Ejemplo-Array-Dictionary */ = {
			isa = PBXNativeTarget;
			buildConfigurationList = 6588CB7022FCF25300079FA4 /* Build configuration list for PBXNativeTarget "Ejemplo-Array-Dictionary" */;
			buildPhases = (
				6588CB5A22FCF25100079FA4 /* Sources */,
				6588CB5B22FCF25100079FA4 /* Frameworks */,
				6588CB5C22FCF25100079FA4 /* Resources */,
			);
			buildRules = (
			);
			dependencies = (
			);
			name = "Ejemplo-Array-Dictionary";
			productName = "Ejemplo-Array-Dictionary";
			productReference = 6588CB5E22FCF25200079FA4 /* Ejemplo-Array-Dictionary.app */;
			productType = "com.apple.product-type.application";
		};
/* End PBXNativeTarget section */

/* Begin PBXProject section */
		6588CB5622FCF25100079FA4 /* Project object */ = {
			isa = PBXProject;
			attributes = {
				LastSwiftUpdateCheck = 1020;
				LastUpgradeCheck = 1020;
				ORGANIZATIONNAME = AcademiaMoviles;
				TargetAttributes = {
					6588CB5D22FCF25100079FA4 = {
						CreatedOnToolsVersion = 10.2;
					};
				};
			};
			buildConfigurationList = 6588CB5922FCF25100079FA4 /* Build configuration list for PBXProject "Ejemplo-Array-Dictionary" */;
			compatibilityVersion = "Xcode 9.3";
			developmentRegion = en;
			hasScannedForEncodings = 0;
			knownRegions = (
				en,
				Base,
			);
			mainGroup = 6588CB5522FCF25100079FA4;
			productRefGroup = 6588CB5F22FCF25200079FA4 /* Products */;
			projectDirPath = "";
			projectRoot = "";
			targets = (
				6588CB5D22FCF25100079FA4 /* Ejemplo-Array-Dictionary */,
			);
		};
/* End PBXProject section */

/* Begin PBXResourcesBuildPhase section */
		6588CB5C22FCF25100079FA4 /* Resources */ = {
			isa = PBXResourcesBuildPhase;
			buildActionMask = 2147483647;
			files = (
				6588CB6C22FCF25300079FA4 /* LaunchScreen.storyboard in Resources */,
				6588CB6922FCF25300079FA4 /* Assets.xcassets in Resources */,
				6588CB6722FCF25200079FA4 /* Main.storyboard in Resources */,
			);
			runOnlyForDeploymentPostprocessing = 0;
		};
/* End PBXResourcesBuildPhase section */

/* Begin PBXSourcesBuildPhase section */
		6588CB5A22FCF25100079FA4 /* Sources */ = {
			isa = PBXSourcesBuildPhase;
			buildActionMask = 2147483647;
			files = (
				6588CB6422FCF25200079FA4 /* ViewController.swift in Sources */,
				520AAD4122FCFE0000EC3ABD /* FuenteDatos.swift in Sources */,
				6588CB6222FCF25200079FA4 /* AppDelegate.swift in Sources */,
			);
			runOnlyForDeploymentPostprocessing = 0;
		};
/* End PBXSourcesBuildPhase section */

/* Begin PBXVariantGroup section */
		6588CB6522FCF25200079FA4 /* Main.storyboard */ = {
			isa = PBXVariantGroup;
			children = (
				6588CB6622FCF25200079FA4 /* Base */,
			);
			name = Main.storyboard;
			sourceTree = "<group>";
		};
		6588CB6A22FCF25300079FA4 /* LaunchScreen.storyboard */ = {
			isa = PBXVariantGroup;
			children = (
				6588CB6B22FCF25300079FA4 /* Base */,
			);
			name = LaunchScreen.storyboard;
			sourceTree = "<group>";
		};
/* End PBXVariantGroup section */

/* Begin XCBuildConfiguration section */
		6588CB6E22FCF25300079FA4 /* Debug */ = {
			isa = XCBuildConfiguration;
			buildSettings = {
				ALWAYS_SEARCH_USER_PATHS = NO;
				CLANG_ANALYZER_NONNULL = YES;
				CLANG_ANALYZER_NUMBER_OBJECT_CONVERSION = YES_AGGRESSIVE;
				CLANG_CXX_LANGUAGE_STANDARD = "gnu++14";
				CLANG_CXX_LIBRARY = "libc++";
				CLANG_ENABLE_MODULES = YES;
				CLANG_ENABLE_OBJC_ARC = YES;
				CLANG_ENABLE_OBJC_WEAK = YES;
				CLANG_WARN_BLOCK_CAPTURE_AUTORELEASING = YES;
				CLANG_WARN_BOOL_CONVERSION = YES;
				CLANG_WARN_COMMA = YES;
				CLANG_WARN_CONSTANT_CONVERSION = YES;
				CLANG_WARN_DEPRECATED_OBJC_IMPLEMENTATIONS = YES;
				CLANG_WARN_DIRECT_OBJC_ISA_USAGE = YES_ERROR;
				CLANG_WARN_DOCUMENTATION_COMMENTS = YES;
				CLANG_WARN_EMPTY_BODY = YES;
				CLANG_WARN_ENUM_CONVERSION = YES;
				CLANG_WARN_INFINITE_RECURSION = YES;
				CLANG_WARN_INT_CONVERSION = YES;
				CLANG_WARN_NON_LITERAL_NULL_CONVERSION = YES;
				CLANG_WARN_OBJC_IMPLICIT_RETAIN_SELF = YES;
				CLANG_WARN_OBJC_LITERAL_CONVERSION = YES;
				CLANG_WARN_OBJC_ROOT_CLASS = YES_ERROR;
				CLANG_WARN_RANGE_LOOP_ANALYSIS = YES;
				CLANG_WARN_STRICT_PROTOTYPES = YES;
				CLANG_WARN_SUSPICIOUS_MOVE = YES;
				CLANG_WARN_UNGUARDED_AVAILABILITY = YES_AGGRESSIVE;
				CLANG_WARN_UNREACHABLE_CODE = YES;
				CLANG_WARN__DUPLICATE_METHOD_MATCH = YES;
				CODE_SIGN_IDENTITY = "iPhone Developer";
				COPY_PHASE_STRIP = NO;
				DEBUG_INFORMATION_FORMAT = dwarf;
				ENABLE_STRICT_OBJC_MSGSEND = YES;
				ENABLE_TESTABILITY = YES;
				GCC_C_LANGUAGE_STANDARD = gnu11;
				GCC_DYNAMIC_NO_PIC = NO;
				GCC_NO_COMMON_BLOCKS = YES;
				GCC_OPTIMIZATION_LEVEL = 0;
				GCC_PREPROCESSOR_DEFINITIONS = (
					"DEBUG=1",
					"$(inherited)",
				);
				GCC_WARN_64_TO_32_BIT_CONVERSION = YES;
				GCC_WARN_ABOUT_RETURN_TYPE = YES_ERROR;
				GCC_WARN_UNDECLARED_SELECTOR = YES;
				GCC_WARN_UNINITIALIZED_AUTOS = YES_AGGRESSIVE;
				GCC_WARN_UNUSED_FUNCTION = YES;
				GCC_WARN_UNUSED_VARIABLE = YES;
				IPHONEOS_DEPLOYMENT_TARGET = 12.2;
				MTL_ENABLE_DEBUG_INFO = INCLUDE_SOURCE;
				MTL_FAST_MATH = YES;
				ONLY_ACTIVE_ARCH = YES;
				SDKROOT = iphoneos;
				SWIFT_ACTIVE_COMPILATION_CONDITIONS = DEBUG;
				SWIFT_OPTIMIZATION_LEVEL = "-Onone";
			};
			name = Debug;
		};
		6588CB6F22FCF25300079FA4 /* Release */ = {
			isa = XCBuildConfiguration;
			buildSettings = {
				ALWAYS_SEARCH_USER_PATHS = NO;
				CLANG_ANALYZER_NONNULL = YES;
				CLANG_ANALYZER_NUMBER_OBJECT_CONVERSION = YES_AGGRESSIVE;
				CLANG_CXX_LANGUAGE_STANDARD = "gnu++14";
				CLANG_CXX_LIBRARY = "libc++";
				CLANG_ENABLE_MODULES = YES;
				CLANG_ENABLE_OBJC_ARC = YES;
				CLANG_ENABLE_OBJC_WEAK = YES;
				CLANG_WARN_BLOCK_CAPTURE_AUTORELEASING = YES;
				CLANG_WARN_BOOL_CONVERSION = YES;
				CLANG_WARN_COMMA = YES;
				CLANG_WARN_CONSTANT_CONVERSION = YES;
				CLANG_WARN_DEPRECATED_OBJC_IMPLEMENTATIONS = YES;
				CLANG_WARN_DIRECT_OBJC_ISA_USAGE = YES_ERROR;
				CLANG_WARN_DOCUMENTATION_COMMENTS = YES;
				CLANG_WARN_EMPTY_BODY = YES;
				CLANG_WARN_ENUM_CONVERSION = YES;
				CLANG_WARN_INFINITE_RECURSION = YES;
				CLANG_WARN_INT_CONVERSION = YES;
				CLANG_WARN_NON_LITERAL_NULL_CONVERSION = YES;
				CLANG_WARN_OBJC_IMPLICIT_RETAIN_SELF = YES;
				CLANG_WARN_OBJC_LITERAL_CONVERSION = YES;
				CLANG_WARN_OBJC_ROOT_CLASS = YES_ERROR;
				CLANG_WARN_RANGE_LOOP_ANALYSIS = YES;
				CLANG_WARN_STRICT_PROTOTYPES = YES;
				CLANG_WARN_SUSPICIOUS_MOVE = YES;
				CLANG_WARN_UNGUARDED_AVAILABILITY = YES_AGGRESSIVE;
				CLANG_WARN_UNREACHABLE_CODE = YES;
				CLANG_WARN__DUPLICATE_METHOD_MATCH = YES;
				CODE_SIGN_IDENTITY = "iPhone Developer";
				COPY_PHASE_STRIP = NO;
				DEBUG_INFORMATION_FORMAT = "dwarf-with-dsym";
				ENABLE_NS_ASSERTIONS = NO;
				ENABLE_STRICT_OBJC_MSGSEND = YES;
				GCC_C_LANGUAGE_STANDARD = gnu11;
				GCC_NO_COMMON_BLOCKS = YES;
				GCC_WARN_64_TO_32_BIT_CONVERSION = YES;
				GCC_WARN_ABOUT_RETURN_TYPE = YES_ERROR;
				GCC_WARN_UNDECLARED_SELECTOR = YES;
				GCC_WARN_UNINITIALIZED_AUTOS = YES_AGGRESSIVE;
				GCC_WARN_UNUSED_FUNCTION = YES;
				GCC_WARN_UNUSED_VARIABLE = YES;
				IPHONEOS_DEPLOYMENT_TARGET = 12.2;
				MTL_ENABLE_DEBUG_INFO = NO;
				MTL_FAST_MATH = YES;
				SDKROOT = iphoneos;
				SWIFT_COMPILATION_MODE = wholemodule;
				SWIFT_OPTIMIZATION_LEVEL = "-O";
				VALIDATE_PRODUCT = YES;
			};
			name = Release;
		};
		6588CB7122FCF25300079FA4 /* Debug */ = {
			isa = XCBuildConfiguration;
			buildSettings = {
				ASSETCATALOG_COMPILER_APPICON_NAME = AppIcon;
				CODE_SIGN_STYLE = Automatic;
				INFOPLIST_FILE = "Ejemplo-Array-Dictionary/Info.plist";
				LD_RUNPATH_SEARCH_PATHS = (
					"$(inherited)",
					"@executable_path/Frameworks",
				);
				PRODUCT_BUNDLE_IDENTIFIER = "com.academiamoviles.Ejemplo-Array-Dictionary";
				PRODUCT_NAME = "$(TARGET_NAME)";
				SWIFT_VERSION = 5.0;
				TARGETED_DEVICE_FAMILY = "1,2";
			};
			name = Debug;
		};
		6588CB7222FCF25300079FA4 /* Release */ = {
			isa = XCBuildConfiguration;
			buildSettings = {
				ASSETCATALOG_COMPILER_APPICON_NAME = AppIcon;
				CODE_SIGN_STYLE = Automatic;
				INFOPLIST_FILE = "Ejemplo-Array-Dictionary/Info.plist";
				LD_RUNPATH_SEARCH_PATHS = (
					"$(inherited)",
					"@executable_path/Frameworks",
				);
				PRODUCT_BUNDLE_IDENTIFIER = "com.academiamoviles.Ejemplo-Array-Dictionary";
				PRODUCT_NAME = "$(TARGET_NAME)";
				SWIFT_VERSION = 5.0;
				TARGETED_DEVICE_FAMILY = "1,2";
			};
			name = Release;
		};
/* End XCBuildConfiguration section */

/* Begin XCConfigurationList section */
		6588CB5922FCF25100079FA4 /* Build configuration list for PBXProject "Ejemplo-Array-Dictionary" */ = {
			isa = XCConfigurationList;
			buildConfigurations = (
				6588CB6E22FCF25300079FA4 /* Debug */,
				6588CB6F22FCF25300079FA4 /* Release */,
			);
			defaultConfigurationIsVisible = 0;
			defaultConfigurationName = Release;
		};
		6588CB7022FCF25300079FA4 /* Build configuration list for PBXNativeTarget "Ejemplo-Array-Dictionary" */ = {
			isa = XCConfigurationList;
			buildConfigurations = (
				6588CB7122FCF25300079FA4 /* Debug */,
				6588CB7222FCF25300079FA4 /* Release */,
			);
			defaultConfigurationIsVisible = 0;
			defaultConfigurationName = Release;
		};
/* End XCConfigurationList section */
	};
	rootObject = 6588CB5622FCF25100079FA4 /* Project object */;
}
